// !$*UTF8*$!
{
	archiveVersion = 1;
	classes = {
	};
	objectVersion = 55;
	objects = {

/* Begin PBXBuildFile section */
		5E28E4CF27DBD2D6001675C1 /* Tests_iOS.swift in Sources */ = {isa = PBXBuildFile; fileRef = 5E28E4CE27DBD2D6001675C1 /* Tests_iOS.swift */; };
		5E28E4D127DBD2D6001675C1 /* Tests_iOSLaunchTests.swift in Sources */ = {isa = PBXBuildFile; fileRef = 5E28E4D027DBD2D6001675C1 /* Tests_iOSLaunchTests.swift */; };
		5E28E4DB27DBD2D7001675C1 /* Tests_macOS.swift in Sources */ = {isa = PBXBuildFile; fileRef = 5E28E4DA27DBD2D7001675C1 /* Tests_macOS.swift */; };
		5E28E4DD27DBD2D7001675C1 /* Tests_macOSLaunchTests.swift in Sources */ = {isa = PBXBuildFile; fileRef = 5E28E4DC27DBD2D7001675C1 /* Tests_macOSLaunchTests.swift */; };
		5E28E4DE27DBD2D7001675C1 /* Phys440HW5App.swift in Sources */ = {isa = PBXBuildFile; fileRef = 5E28E4B627DBD2D2001675C1 /* Phys440HW5App.swift */; };
		5E28E4DF27DBD2D7001675C1 /* Phys440HW5App.swift in Sources */ = {isa = PBXBuildFile; fileRef = 5E28E4B627DBD2D2001675C1 /* Phys440HW5App.swift */; };
		5E28E4E227DBD2D7001675C1 /* Assets.xcassets in Resources */ = {isa = PBXBuildFile; fileRef = 5E28E4B827DBD2D6001675C1 /* Assets.xcassets */; };
		5E28E4E327DBD2D7001675C1 /* Assets.xcassets in Resources */ = {isa = PBXBuildFile; fileRef = 5E28E4B827DBD2D6001675C1 /* Assets.xcassets */; };
		5ED283BD27F612A800784048 /* CorePlot in Frameworks */ = {isa = PBXBuildFile; productRef = 5ED283BC27F612A800784048 /* CorePlot */; };
		5ED283BF27F6154100784048 /* PlotDataClass.swift in Sources */ = {isa = PBXBuildFile; fileRef = 5ED283BE27F6154100784048 /* PlotDataClass.swift */; };
		5ED283C027F6154100784048 /* PlotDataClass.swift in Sources */ = {isa = PBXBuildFile; fileRef = 5ED283BE27F6154100784048 /* PlotDataClass.swift */; };
		5ED283C527F6155900784048 /* SquarePotential.swift in Sources */ = {isa = PBXBuildFile; fileRef = 5ED283C427F6155900784048 /* SquarePotential.swift */; };
		5ED283C627F6155900784048 /* SquarePotential.swift in Sources */ = {isa = PBXBuildFile; fileRef = 5ED283C427F6155900784048 /* SquarePotential.swift */; };
		5ED283C827F6156000784048 /* CorePlot.swift in Sources */ = {isa = PBXBuildFile; fileRef = 5ED283C727F6156000784048 /* CorePlot.swift */; };
		5ED283C927F6156000784048 /* CorePlot.swift in Sources */ = {isa = PBXBuildFile; fileRef = 5ED283C727F6156000784048 /* CorePlot.swift */; };
		5ED283CE27F6156C00784048 /* TextView.swift in Sources */ = {isa = PBXBuildFile; fileRef = 5ED283CD27F6156C00784048 /* TextView.swift */; };
		5ED283CF27F6156C00784048 /* TextView.swift in Sources */ = {isa = PBXBuildFile; fileRef = 5ED283CD27F6156C00784048 /* TextView.swift */; };
		5ED283D127F6157400784048 /* CalculatePlotData.swift in Sources */ = {isa = PBXBuildFile; fileRef = 5ED283D027F6157400784048 /* CalculatePlotData.swift */; };
		5ED283D227F6157400784048 /* CalculatePlotData.swift in Sources */ = {isa = PBXBuildFile; fileRef = 5ED283D027F6157400784048 /* CalculatePlotData.swift */; };
		5ED283D427F6158500784048 /* ContentViewText.swift in Sources */ = {isa = PBXBuildFile; fileRef = 5ED283D327F6158500784048 /* ContentViewText.swift */; };
		5ED283D527F6158500784048 /* ContentViewText.swift in Sources */ = {isa = PBXBuildFile; fileRef = 5ED283D327F6158500784048 /* ContentViewText.swift */; };
		5ED283D727F6159000784048 /* operators.swift in Sources */ = {isa = PBXBuildFile; fileRef = 5ED283D627F6159000784048 /* operators.swift */; };
		5ED283D827F6159000784048 /* operators.swift in Sources */ = {isa = PBXBuildFile; fileRef = 5ED283D627F6159000784048 /* operators.swift */; };
		5ED283DA27F6159700784048 /* TextExportDocument.swift in Sources */ = {isa = PBXBuildFile; fileRef = 5ED283D927F6159700784048 /* TextExportDocument.swift */; };
		5ED283DB27F6159700784048 /* TextExportDocument.swift in Sources */ = {isa = PBXBuildFile; fileRef = 5ED283D927F6159700784048 /* TextExportDocument.swift */; };
		5ED283DD27F6159F00784048 /* ChangingPlotParameters.swift in Sources */ = {isa = PBXBuildFile; fileRef = 5ED283DC27F6159F00784048 /* ChangingPlotParameters.swift */; };
		5ED283DE27F6159F00784048 /* ChangingPlotParameters.swift in Sources */ = {isa = PBXBuildFile; fileRef = 5ED283DC27F6159F00784048 /* ChangingPlotParameters.swift */; };
		5ED283EA27F6171A00784048 /* CorePlot in Frameworks */ = {isa = PBXBuildFile; productRef = 5ED283E927F6171A00784048 /* CorePlot */; };
		5ED283EC27F6381500784048 /* MatrixFunctions.swift in Sources */ = {isa = PBXBuildFile; fileRef = 5ED283EB27F6381500784048 /* MatrixFunctions.swift */; };
		5ED283ED27F6381500784048 /* MatrixFunctions.swift in Sources */ = {isa = PBXBuildFile; fileRef = 5ED283EB27F6381500784048 /* MatrixFunctions.swift */; };
		5ED283EF27F65D7900784048 /* MatrixMechanics.swift in Sources */ = {isa = PBXBuildFile; fileRef = 5ED283EE27F65D7900784048 /* MatrixMechanics.swift */; };
		5ED283F027F65D7900784048 /* MatrixMechanics.swift in Sources */ = {isa = PBXBuildFile; fileRef = 5ED283EE27F65D7900784048 /* MatrixMechanics.swift */; };
		5ED283F227F75A5700784048 /* ContentViewHW5.swift in Sources */ = {isa = PBXBuildFile; fileRef = 5ED283F127F75A5600784048 /* ContentViewHW5.swift */; };
		5ED283F327F75A5700784048 /* ContentViewHW5.swift in Sources */ = {isa = PBXBuildFile; fileRef = 5ED283F127F75A5600784048 /* ContentViewHW5.swift */; };
/* End PBXBuildFile section */

/* Begin PBXContainerItemProxy section */
		5E28E4CB27DBD2D6001675C1 /* PBXContainerItemProxy */ = {
			isa = PBXContainerItemProxy;
			containerPortal = 5E28E4B127DBD2D1001675C1 /* Project object */;
			proxyType = 1;
			remoteGlobalIDString = 5E28E4BC27DBD2D6001675C1;
			remoteInfo = "Phys440HW5 (iOS)";
		};
		5E28E4D727DBD2D7001675C1 /* PBXContainerItemProxy */ = {
			isa = PBXContainerItemProxy;
			containerPortal = 5E28E4B127DBD2D1001675C1 /* Project object */;
			proxyType = 1;
			remoteGlobalIDString = 5E28E4C227DBD2D6001675C1;
			remoteInfo = "Phys440HW5 (macOS)";
		};
/* End PBXContainerItemProxy section */

/* Begin PBXFileReference section */
		5E28E4B627DBD2D2001675C1 /* Phys440HW5App.swift */ = {isa = PBXFileReference; lastKnownFileType = sourcecode.swift; path = Phys440HW5App.swift; sourceTree = "<group>"; };
		5E28E4B827DBD2D6001675C1 /* Assets.xcassets */ = {isa = PBXFileReference; lastKnownFileType = folder.assetcatalog; path = Assets.xcassets; sourceTree = "<group>"; };
		5E28E4BD27DBD2D6001675C1 /* Phys440HW5.app */ = {isa = PBXFileReference; explicitFileType = wrapper.application; includeInIndex = 0; path = Phys440HW5.app; sourceTree = BUILT_PRODUCTS_DIR; };
		5E28E4C327DBD2D6001675C1 /* Phys440HW5.app */ = {isa = PBXFileReference; explicitFileType = wrapper.application; includeInIndex = 0; path = Phys440HW5.app; sourceTree = BUILT_PRODUCTS_DIR; };
		5E28E4C527DBD2D6001675C1 /* macOS.entitlements */ = {isa = PBXFileReference; lastKnownFileType = text.plist.entitlements; path = macOS.entitlements; sourceTree = "<group>"; };
		5E28E4CA27DBD2D6001675C1 /* Tests iOS.xctest */ = {isa = PBXFileReference; explicitFileType = wrapper.cfbundle; includeInIndex = 0; path = "Tests iOS.xctest"; sourceTree = BUILT_PRODUCTS_DIR; };
		5E28E4CE27DBD2D6001675C1 /* Tests_iOS.swift */ = {isa = PBXFileReference; lastKnownFileType = sourcecode.swift; path = Tests_iOS.swift; sourceTree = "<group>"; };
		5E28E4D027DBD2D6001675C1 /* Tests_iOSLaunchTests.swift */ = {isa = PBXFileReference; lastKnownFileType = sourcecode.swift; path = Tests_iOSLaunchTests.swift; sourceTree = "<group>"; };
		5E28E4D627DBD2D7001675C1 /* Tests macOS.xctest */ = {isa = PBXFileReference; explicitFileType = wrapper.cfbundle; includeInIndex = 0; path = "Tests macOS.xctest"; sourceTree = BUILT_PRODUCTS_DIR; };
		5E28E4DA27DBD2D7001675C1 /* Tests_macOS.swift */ = {isa = PBXFileReference; lastKnownFileType = sourcecode.swift; path = Tests_macOS.swift; sourceTree = "<group>"; };
		5E28E4DC27DBD2D7001675C1 /* Tests_macOSLaunchTests.swift */ = {isa = PBXFileReference; lastKnownFileType = sourcecode.swift; path = Tests_macOSLaunchTests.swift; sourceTree = "<group>"; };
		5ED283BE27F6154100784048 /* PlotDataClass.swift */ = {isa = PBXFileReference; fileEncoding = 4; lastKnownFileType = sourcecode.swift; path = PlotDataClass.swift; sourceTree = "<group>"; };
		5ED283C427F6155900784048 /* SquarePotential.swift */ = {isa = PBXFileReference; fileEncoding = 4; lastKnownFileType = sourcecode.swift; path = SquarePotential.swift; sourceTree = "<group>"; };
		5ED283C727F6156000784048 /* CorePlot.swift */ = {isa = PBXFileReference; fileEncoding = 4; lastKnownFileType = sourcecode.swift; path = CorePlot.swift; sourceTree = "<group>"; };
		5ED283CD27F6156C00784048 /* TextView.swift */ = {isa = PBXFileReference; fileEncoding = 4; lastKnownFileType = sourcecode.swift; path = TextView.swift; sourceTree = "<group>"; };
		5ED283D027F6157400784048 /* CalculatePlotData.swift */ = {isa = PBXFileReference; fileEncoding = 4; lastKnownFileType = sourcecode.swift; path = CalculatePlotData.swift; sourceTree = "<group>"; };
		5ED283D327F6158500784048 /* ContentViewText.swift */ = {isa = PBXFileReference; fileEncoding = 4; lastKnownFileType = sourcecode.swift; path = ContentViewText.swift; sourceTree = "<group>"; };
		5ED283D627F6159000784048 /* operators.swift */ = {isa = PBXFileReference; fileEncoding = 4; lastKnownFileType = sourcecode.swift; path = operators.swift; sourceTree = "<group>"; };
		5ED283D927F6159700784048 /* TextExportDocument.swift */ = {isa = PBXFileReference; fileEncoding = 4; lastKnownFileType = sourcecode.swift; path = TextExportDocument.swift; sourceTree = "<group>"; };
		5ED283DC27F6159F00784048 /* ChangingPlotParameters.swift */ = {isa = PBXFileReference; fileEncoding = 4; lastKnownFileType = sourcecode.swift; path = ChangingPlotParameters.swift; sourceTree = "<group>"; };
		5ED283EB27F6381500784048 /* MatrixFunctions.swift */ = {isa = PBXFileReference; lastKnownFileType = sourcecode.swift; path = MatrixFunctions.swift; sourceTree = "<group>"; };
		5ED283EE27F65D7900784048 /* MatrixMechanics.swift */ = {isa = PBXFileReference; lastKnownFileType = sourcecode.swift; path = MatrixMechanics.swift; sourceTree = "<group>"; };
		5ED283F127F75A5600784048 /* ContentViewHW5.swift */ = {isa = PBXFileReference; lastKnownFileType = sourcecode.swift; path = ContentViewHW5.swift; sourceTree = "<group>"; };
/* End PBXFileReference section */

/* Begin PBXFrameworksBuildPhase section */
		5E28E4BA27DBD2D6001675C1 /* Frameworks */ = {
			isa = PBXFrameworksBuildPhase;
			buildActionMask = 2147483647;
			files = (
				5ED283BD27F612A800784048 /* CorePlot in Frameworks */,
			);
			runOnlyForDeploymentPostprocessing = 0;
		};
		5E28E4C027DBD2D6001675C1 /* Frameworks */ = {
			isa = PBXFrameworksBuildPhase;
			buildActionMask = 2147483647;
			files = (
				5ED283EA27F6171A00784048 /* CorePlot in Frameworks */,
			);
			runOnlyForDeploymentPostprocessing = 0;
		};
		5E28E4C727DBD2D6001675C1 /* Frameworks */ = {
			isa = PBXFrameworksBuildPhase;
			buildActionMask = 2147483647;
			files = (
			);
			runOnlyForDeploymentPostprocessing = 0;
		};
		5E28E4D327DBD2D7001675C1 /* Frameworks */ = {
			isa = PBXFrameworksBuildPhase;
			buildActionMask = 2147483647;
			files = (
			);
			runOnlyForDeploymentPostprocessing = 0;
		};
/* End PBXFrameworksBuildPhase section */

/* Begin PBXGroup section */
		5E28E4B027DBD2D1001675C1 = {
			isa = PBXGroup;
			children = (
				5E28E4B527DBD2D2001675C1 /* Shared */,
				5E28E4C427DBD2D6001675C1 /* macOS */,
				5E28E4CD27DBD2D6001675C1 /* Tests iOS */,
				5E28E4D927DBD2D7001675C1 /* Tests macOS */,
				5E28E4BE27DBD2D6001675C1 /* Products */,
				5ED283E827F6171900784048 /* Frameworks */,
			);
			sourceTree = "<group>";
		};
		5E28E4B527DBD2D2001675C1 /* Shared */ = {
			isa = PBXGroup;
			children = (
				5ED283DC27F6159F00784048 /* ChangingPlotParameters.swift */,
				5ED283D927F6159700784048 /* TextExportDocument.swift */,
				5ED283D627F6159000784048 /* operators.swift */,
				5ED283D327F6158500784048 /* ContentViewText.swift */,
				5ED283D027F6157400784048 /* CalculatePlotData.swift */,
				5ED283CD27F6156C00784048 /* TextView.swift */,
				5ED283C727F6156000784048 /* CorePlot.swift */,
				5ED283C427F6155900784048 /* SquarePotential.swift */,
				5ED283BE27F6154100784048 /* PlotDataClass.swift */,
				5E28E4B627DBD2D2001675C1 /* Phys440HW5App.swift */,
				5E28E4B827DBD2D6001675C1 /* Assets.xcassets */,
				5ED283EB27F6381500784048 /* MatrixFunctions.swift */,
				5ED283EE27F65D7900784048 /* MatrixMechanics.swift */,
				5ED283F127F75A5600784048 /* ContentViewHW5.swift */,
			);
			path = Shared;
			sourceTree = "<group>";
		};
		5E28E4BE27DBD2D6001675C1 /* Products */ = {
			isa = PBXGroup;
			children = (
				5E28E4BD27DBD2D6001675C1 /* Phys440HW5.app */,
				5E28E4C327DBD2D6001675C1 /* Phys440HW5.app */,
				5E28E4CA27DBD2D6001675C1 /* Tests iOS.xctest */,
				5E28E4D627DBD2D7001675C1 /* Tests macOS.xctest */,
			);
			name = Products;
			sourceTree = "<group>";
		};
		5E28E4C427DBD2D6001675C1 /* macOS */ = {
			isa = PBXGroup;
			children = (
				5E28E4C527DBD2D6001675C1 /* macOS.entitlements */,
			);
			path = macOS;
			sourceTree = "<group>";
		};
		5E28E4CD27DBD2D6001675C1 /* Tests iOS */ = {
			isa = PBXGroup;
			children = (
				5E28E4CE27DBD2D6001675C1 /* Tests_iOS.swift */,
				5E28E4D027DBD2D6001675C1 /* Tests_iOSLaunchTests.swift */,
			);
			path = "Tests iOS";
			sourceTree = "<group>";
		};
		5E28E4D927DBD2D7001675C1 /* Tests macOS */ = {
			isa = PBXGroup;
			children = (
				5E28E4DA27DBD2D7001675C1 /* Tests_macOS.swift */,
				5E28E4DC27DBD2D7001675C1 /* Tests_macOSLaunchTests.swift */,
			);
			path = "Tests macOS";
			sourceTree = "<group>";
		};
		5ED283E827F6171900784048 /* Frameworks */ = {
			isa = PBXGroup;
			children = (
			);
			name = Frameworks;
			sourceTree = "<group>";
		};
/* End PBXGroup section */

/* Begin PBXNativeTarget section */
		5E28E4BC27DBD2D6001675C1 /* Phys440HW5 (iOS) */ = {
			isa = PBXNativeTarget;
			buildConfigurationList = 5E28E4E627DBD2D7001675C1 /* Build configuration list for PBXNativeTarget "Phys440HW5 (iOS)" */;
			buildPhases = (
				5E28E4B927DBD2D6001675C1 /* Sources */,
				5E28E4BA27DBD2D6001675C1 /* Frameworks */,
				5E28E4BB27DBD2D6001675C1 /* Resources */,
			);
			buildRules = (
			);
			dependencies = (
			);
			name = "Phys440HW5 (iOS)";
			packageProductDependencies = (
				5ED283BC27F612A800784048 /* CorePlot */,
			);
			productName = "Phys440HW5 (iOS)";
			productReference = 5E28E4BD27DBD2D6001675C1 /* Phys440HW5.app */;
			productType = "com.apple.product-type.application";
		};
		5E28E4C227DBD2D6001675C1 /* Phys440HW5 (macOS) */ = {
			isa = PBXNativeTarget;
			buildConfigurationList = 5E28E4E927DBD2D7001675C1 /* Build configuration list for PBXNativeTarget "Phys440HW5 (macOS)" */;
			buildPhases = (
				5E28E4BF27DBD2D6001675C1 /* Sources */,
				5E28E4C027DBD2D6001675C1 /* Frameworks */,
				5E28E4C127DBD2D6001675C1 /* Resources */,
			);
			buildRules = (
			);
			dependencies = (
			);
			name = "Phys440HW5 (macOS)";
			packageProductDependencies = (
				5ED283E927F6171A00784048 /* CorePlot */,
			);
			productName = "Phys440HW5 (macOS)";
			productReference = 5E28E4C327DBD2D6001675C1 /* Phys440HW5.app */;
			productType = "com.apple.product-type.application";
		};
		5E28E4C927DBD2D6001675C1 /* Tests iOS */ = {
			isa = PBXNativeTarget;
			buildConfigurationList = 5E28E4EC27DBD2D7001675C1 /* Build configuration list for PBXNativeTarget "Tests iOS" */;
			buildPhases = (
				5E28E4C627DBD2D6001675C1 /* Sources */,
				5E28E4C727DBD2D6001675C1 /* Frameworks */,
				5E28E4C827DBD2D6001675C1 /* Resources */,
			);
			buildRules = (
			);
			dependencies = (
				5E28E4CC27DBD2D6001675C1 /* PBXTargetDependency */,
			);
			name = "Tests iOS";
			productName = "Tests iOS";
			productReference = 5E28E4CA27DBD2D6001675C1 /* Tests iOS.xctest */;
			productType = "com.apple.product-type.bundle.ui-testing";
		};
		5E28E4D527DBD2D7001675C1 /* Tests macOS */ = {
			isa = PBXNativeTarget;
			buildConfigurationList = 5E28E4EF27DBD2D7001675C1 /* Build configuration list for PBXNativeTarget "Tests macOS" */;
			buildPhases = (
				5E28E4D227DBD2D7001675C1 /* Sources */,
				5E28E4D327DBD2D7001675C1 /* Frameworks */,
				5E28E4D427DBD2D7001675C1 /* Resources */,
			);
			buildRules = (
			);
			dependencies = (
				5E28E4D827DBD2D7001675C1 /* PBXTargetDependency */,
			);
			name = "Tests macOS";
			productName = "Tests macOS";
			productReference = 5E28E4D627DBD2D7001675C1 /* Tests macOS.xctest */;
			productType = "com.apple.product-type.bundle.ui-testing";
		};
/* End PBXNativeTarget section */

/* Begin PBXProject section */
		5E28E4B127DBD2D1001675C1 /* Project object */ = {
			isa = PBXProject;
			attributes = {
				BuildIndependentTargetsInParallel = 1;
				LastSwiftUpdateCheck = 1320;
				LastUpgradeCheck = 1320;
				TargetAttributes = {
					5E28E4BC27DBD2D6001675C1 = {
						CreatedOnToolsVersion = 13.2.1;
					};
					5E28E4C227DBD2D6001675C1 = {
						CreatedOnToolsVersion = 13.2.1;
					};
					5E28E4C927DBD2D6001675C1 = {
						CreatedOnToolsVersion = 13.2.1;
						TestTargetID = 5E28E4BC27DBD2D6001675C1;
					};
					5E28E4D527DBD2D7001675C1 = {
						CreatedOnToolsVersion = 13.2.1;
						TestTargetID = 5E28E4C227DBD2D6001675C1;
					};
				};
			};
			buildConfigurationList = 5E28E4B427DBD2D1001675C1 /* Build configuration list for PBXProject "Phys440HW5" */;
			compatibilityVersion = "Xcode 13.0";
			developmentRegion = en;
			hasScannedForEncodings = 0;
			knownRegions = (
				en,
				Base,
			);
			mainGroup = 5E28E4B027DBD2D1001675C1;
			packageReferences = (
				5ED283BB27F612A800784048 /* XCRemoteSwiftPackageReference "core-plot" */,
			);
			productRefGroup = 5E28E4BE27DBD2D6001675C1 /* Products */;
			projectDirPath = "";
			projectRoot = "";
			targets = (
				5E28E4BC27DBD2D6001675C1 /* Phys440HW5 (iOS) */,
				5E28E4C227DBD2D6001675C1 /* Phys440HW5 (macOS) */,
				5E28E4C927DBD2D6001675C1 /* Tests iOS */,
				5E28E4D527DBD2D7001675C1 /* Tests macOS */,
			);
		};
/* End PBXProject section */

/* Begin PBXResourcesBuildPhase section */
		5E28E4BB27DBD2D6001675C1 /* Resources */ = {
			isa = PBXResourcesBuildPhase;
			buildActionMask = 2147483647;
			files = (
				5E28E4E227DBD2D7001675C1 /* Assets.xcassets in Resources */,
			);
			runOnlyForDeploymentPostprocessing = 0;
		};
		5E28E4C127DBD2D6001675C1 /* Resources */ = {
			isa = PBXResourcesBuildPhase;
			buildActionMask = 2147483647;
			files = (
				5E28E4E327DBD2D7001675C1 /* Assets.xcassets in Resources */,
			);
			runOnlyForDeploymentPostprocessing = 0;
		};
		5E28E4C827DBD2D6001675C1 /* Resources */ = {
			isa = PBXResourcesBuildPhase;
			buildActionMask = 2147483647;
			files = (
			);
			runOnlyForDeploymentPostprocessing = 0;
		};
		5E28E4D427DBD2D7001675C1 /* Resources */ = {
			isa = PBXResourcesBuildPhase;
			buildActionMask = 2147483647;
			files = (
			);
			runOnlyForDeploymentPostprocessing = 0;
		};
/* End PBXResourcesBuildPhase section */

/* Begin PBXSourcesBuildPhase section */
		5E28E4B927DBD2D6001675C1 /* Sources */ = {
			isa = PBXSourcesBuildPhase;
			buildActionMask = 2147483647;
			files = (
				5ED283D127F6157400784048 /* CalculatePlotData.swift in Sources */,
				5ED283EC27F6381500784048 /* MatrixFunctions.swift in Sources */,
				5ED283EF27F65D7900784048 /* MatrixMechanics.swift in Sources */,
				5ED283CE27F6156C00784048 /* TextView.swift in Sources */,
				5ED283BF27F6154100784048 /* PlotDataClass.swift in Sources */,
				5ED283C827F6156000784048 /* CorePlot.swift in Sources */,
				5ED283F227F75A5700784048 /* ContentViewHW5.swift in Sources */,
				5ED283C527F6155900784048 /* SquarePotential.swift in Sources */,
				5E28E4DE27DBD2D7001675C1 /* Phys440HW5App.swift in Sources */,
				5ED283DA27F6159700784048 /* TextExportDocument.swift in Sources */,
				5ED283D727F6159000784048 /* operators.swift in Sources */,
				5ED283D427F6158500784048 /* ContentViewText.swift in Sources */,
				5ED283DD27F6159F00784048 /* ChangingPlotParameters.swift in Sources */,
			);
			runOnlyForDeploymentPostprocessing = 0;
		};
		5E28E4BF27DBD2D6001675C1 /* Sources */ = {
			isa = PBXSourcesBuildPhase;
			buildActionMask = 2147483647;
			files = (
				5ED283D227F6157400784048 /* CalculatePlotData.swift in Sources */,
				5ED283ED27F6381500784048 /* MatrixFunctions.swift in Sources */,
				5ED283F027F65D7900784048 /* MatrixMechanics.swift in Sources */,
				5ED283CF27F6156C00784048 /* TextView.swift in Sources */,
				5ED283C027F6154100784048 /* PlotDataClass.swift in Sources */,
				5ED283C927F6156000784048 /* CorePlot.swift in Sources */,
				5ED283F327F75A5700784048 /* ContentViewHW5.swift in Sources */,
				5ED283C627F6155900784048 /* SquarePotential.swift in Sources */,
				5E28E4DF27DBD2D7001675C1 /* Phys440HW5App.swift in Sources */,
				5ED283DB27F6159700784048 /* TextExportDocument.swift in Sources */,
				5ED283D827F6159000784048 /* operators.swift in Sources */,
				5ED283D527F6158500784048 /* ContentViewText.swift in Sources */,
				5ED283DE27F6159F00784048 /* ChangingPlotParameters.swift in Sources */,
			);
			runOnlyForDeploymentPostprocessing = 0;
		};
		5E28E4C627DBD2D6001675C1 /* Sources */ = {
			isa = PBXSourcesBuildPhase;
			buildActionMask = 2147483647;
			files = (
				5E28E4D127DBD2D6001675C1 /* Tests_iOSLaunchTests.swift in Sources */,
				5E28E4CF27DBD2D6001675C1 /* Tests_iOS.swift in Sources */,
			);
			runOnlyForDeploymentPostprocessing = 0;
		};
		5E28E4D227DBD2D7001675C1 /* Sources */ = {
			isa = PBXSourcesBuildPhase;
			buildActionMask = 2147483647;
			files = (
				5E28E4DD27DBD2D7001675C1 /* Tests_macOSLaunchTests.swift in Sources */,
				5E28E4DB27DBD2D7001675C1 /* Tests_macOS.swift in Sources */,
			);
			runOnlyForDeploymentPostprocessing = 0;
		};
/* End PBXSourcesBuildPhase section */

/* Begin PBXTargetDependency section */
		5E28E4CC27DBD2D6001675C1 /* PBXTargetDependency */ = {
			isa = PBXTargetDependency;
			target = 5E28E4BC27DBD2D6001675C1 /* Phys440HW5 (iOS) */;
			targetProxy = 5E28E4CB27DBD2D6001675C1 /* PBXContainerItemProxy */;
		};
		5E28E4D827DBD2D7001675C1 /* PBXTargetDependency */ = {
			isa = PBXTargetDependency;
			target = 5E28E4C227DBD2D6001675C1 /* Phys440HW5 (macOS) */;
			targetProxy = 5E28E4D727DBD2D7001675C1 /* PBXContainerItemProxy */;
		};
/* End PBXTargetDependency section */

/* Begin XCBuildConfiguration section */
		5E28E4E427DBD2D7001675C1 /* Debug */ = {
			isa = XCBuildConfiguration;
			buildSettings = {
				ALWAYS_SEARCH_USER_PATHS = NO;
				CLANG_ANALYZER_NONNULL = YES;
				CLANG_ANALYZER_NUMBER_OBJECT_CONVERSION = YES_AGGRESSIVE;
				CLANG_CXX_LANGUAGE_STANDARD = "gnu++17";
				CLANG_CXX_LIBRARY = "libc++";
				CLANG_ENABLE_MODULES = YES;
				CLANG_ENABLE_OBJC_ARC = YES;
				CLANG_ENABLE_OBJC_WEAK = YES;
				CLANG_WARN_BLOCK_CAPTURE_AUTORELEASING = YES;
				CLANG_WARN_BOOL_CONVERSION = YES;
				CLANG_WARN_COMMA = YES;
				CLANG_WARN_CONSTANT_CONVERSION = YES;
				CLANG_WARN_DEPRECATED_OBJC_IMPLEMENTATIONS = YES;
				CLANG_WARN_DIRECT_OBJC_ISA_USAGE = YES_ERROR;
				CLANG_WARN_DOCUMENTATION_COMMENTS = YES;
				CLANG_WARN_EMPTY_BODY = YES;
				CLANG_WARN_ENUM_CONVERSION = YES;
				CLANG_WARN_INFINITE_RECURSION = YES;
				CLANG_WARN_INT_CONVERSION = YES;
				CLANG_WARN_NON_LITERAL_NULL_CONVERSION = YES;
				CLANG_WARN_OBJC_IMPLICIT_RETAIN_SELF = YES;
				CLANG_WARN_OBJC_LITERAL_CONVERSION = YES;
				CLANG_WARN_OBJC_ROOT_CLASS = YES_ERROR;
				CLANG_WARN_QUOTED_INCLUDE_IN_FRAMEWORK_HEADER = YES;
				CLANG_WARN_RANGE_LOOP_ANALYSIS = YES;
				CLANG_WARN_STRICT_PROTOTYPES = YES;
				CLANG_WARN_SUSPICIOUS_MOVE = YES;
				CLANG_WARN_UNGUARDED_AVAILABILITY = YES_AGGRESSIVE;
				CLANG_WARN_UNREACHABLE_CODE = YES;
				CLANG_WARN__DUPLICATE_METHOD_MATCH = YES;
				COPY_PHASE_STRIP = NO;
				DEBUG_INFORMATION_FORMAT = dwarf;
				ENABLE_STRICT_OBJC_MSGSEND = YES;
				ENABLE_TESTABILITY = YES;
				GCC_C_LANGUAGE_STANDARD = gnu11;
				GCC_DYNAMIC_NO_PIC = NO;
				GCC_NO_COMMON_BLOCKS = YES;
				GCC_OPTIMIZATION_LEVEL = 0;
				GCC_PREPROCESSOR_DEFINITIONS = (
					"DEBUG=1",
					"$(inherited)",
				);
				GCC_WARN_64_TO_32_BIT_CONVERSION = YES;
				GCC_WARN_ABOUT_RETURN_TYPE = YES_ERROR;
				GCC_WARN_UNDECLARED_SELECTOR = YES;
				GCC_WARN_UNINITIALIZED_AUTOS = YES_AGGRESSIVE;
				GCC_WARN_UNUSED_FUNCTION = YES;
				GCC_WARN_UNUSED_VARIABLE = YES;
				MTL_ENABLE_DEBUG_INFO = INCLUDE_SOURCE;
				MTL_FAST_MATH = YES;
				ONLY_ACTIVE_ARCH = YES;
				SWIFT_ACTIVE_COMPILATION_CONDITIONS = DEBUG;
				SWIFT_OPTIMIZATION_LEVEL = "-Onone";
			};
			name = Debug;
		};
		5E28E4E527DBD2D7001675C1 /* Release */ = {
			isa = XCBuildConfiguration;
			buildSettings = {
				ALWAYS_SEARCH_USER_PATHS = NO;
				CLANG_ANALYZER_NONNULL = YES;
				CLANG_ANALYZER_NUMBER_OBJECT_CONVERSION = YES_AGGRESSIVE;
				CLANG_CXX_LANGUAGE_STANDARD = "gnu++17";
				CLANG_CXX_LIBRARY = "libc++";
				CLANG_ENABLE_MODULES = YES;
				CLANG_ENABLE_OBJC_ARC = YES;
				CLANG_ENABLE_OBJC_WEAK = YES;
				CLANG_WARN_BLOCK_CAPTURE_AUTORELEASING = YES;
				CLANG_WARN_BOOL_CONVERSION = YES;
				CLANG_WARN_COMMA = YES;
				CLANG_WARN_CONSTANT_CONVERSION = YES;
				CLANG_WARN_DEPRECATED_OBJC_IMPLEMENTATIONS = YES;
				CLANG_WARN_DIRECT_OBJC_ISA_USAGE = YES_ERROR;
				CLANG_WARN_DOCUMENTATION_COMMENTS = YES;
				CLANG_WARN_EMPTY_BODY = YES;
				CLANG_WARN_ENUM_CONVERSION = YES;
				CLANG_WARN_INFINITE_RECURSION = YES;
				CLANG_WARN_INT_CONVERSION = YES;
				CLANG_WARN_NON_LITERAL_NULL_CONVERSION = YES;
				CLANG_WARN_OBJC_IMPLICIT_RETAIN_SELF = YES;
				CLANG_WARN_OBJC_LITERAL_CONVERSION = YES;
				CLANG_WARN_OBJC_ROOT_CLASS = YES_ERROR;
				CLANG_WARN_QUOTED_INCLUDE_IN_FRAMEWORK_HEADER = YES;
				CLANG_WARN_RANGE_LOOP_ANALYSIS = YES;
				CLANG_WARN_STRICT_PROTOTYPES = YES;
				CLANG_WARN_SUSPICIOUS_MOVE = YES;
				CLANG_WARN_UNGUARDED_AVAILABILITY = YES_AGGRESSIVE;
				CLANG_WARN_UNREACHABLE_CODE = YES;
				CLANG_WARN__DUPLICATE_METHOD_MATCH = YES;
				COPY_PHASE_STRIP = NO;
				DEBUG_INFORMATION_FORMAT = "dwarf-with-dsym";
				ENABLE_NS_ASSERTIONS = NO;
				ENABLE_STRICT_OBJC_MSGSEND = YES;
				GCC_C_LANGUAGE_STANDARD = gnu11;
				GCC_NO_COMMON_BLOCKS = YES;
				GCC_WARN_64_TO_32_BIT_CONVERSION = YES;
				GCC_WARN_ABOUT_RETURN_TYPE = YES_ERROR;
				GCC_WARN_UNDECLARED_SELECTOR = YES;
				GCC_WARN_UNINITIALIZED_AUTOS = YES_AGGRESSIVE;
				GCC_WARN_UNUSED_FUNCTION = YES;
				GCC_WARN_UNUSED_VARIABLE = YES;
				MTL_ENABLE_DEBUG_INFO = NO;
				MTL_FAST_MATH = YES;
				SWIFT_COMPILATION_MODE = wholemodule;
				SWIFT_OPTIMIZATION_LEVEL = "-O";
			};
			name = Release;
		};
		5E28E4E727DBD2D7001675C1 /* Debug */ = {
			isa = XCBuildConfiguration;
			buildSettings = {
				ASSETCATALOG_COMPILER_APPICON_NAME = AppIcon;
				ASSETCATALOG_COMPILER_GLOBAL_ACCENT_COLOR_NAME = AccentColor;
				CODE_SIGN_STYLE = Automatic;
				CURRENT_PROJECT_VERSION = 1;
				ENABLE_PREVIEWS = YES;
				GENERATE_INFOPLIST_FILE = YES;
				INFOPLIST_KEY_UIApplicationSceneManifest_Generation = YES;
				INFOPLIST_KEY_UIApplicationSupportsIndirectInputEvents = YES;
				INFOPLIST_KEY_UILaunchScreen_Generation = YES;
				INFOPLIST_KEY_UISupportedInterfaceOrientations_iPad = "UIInterfaceOrientationPortrait UIInterfaceOrientationPortraitUpsideDown UIInterfaceOrientationLandscapeLeft UIInterfaceOrientationLandscapeRight";
				INFOPLIST_KEY_UISupportedInterfaceOrientations_iPhone = "UIInterfaceOrientationPortrait UIInterfaceOrientationLandscapeLeft UIInterfaceOrientationLandscapeRight";
				IPHONEOS_DEPLOYMENT_TARGET = 15.2;
				LD_RUNPATH_SEARCH_PATHS = (
					"$(inherited)",
					"@executable_path/Frameworks",
				);
				MARKETING_VERSION = 1.0;
				PRODUCT_BUNDLE_IDENTIFIER = Broc.Phys440HW5;
				PRODUCT_NAME = Phys440HW5;
				SDKROOT = iphoneos;
				SWIFT_EMIT_LOC_STRINGS = YES;
				SWIFT_VERSION = 5.0;
				TARGETED_DEVICE_FAMILY = "1,2";
			};
			name = Debug;
		};
		5E28E4E827DBD2D7001675C1 /* Release */ = {
			isa = XCBuildConfiguration;
			buildSettings = {
				ASSETCATALOG_COMPILER_APPICON_NAME = AppIcon;
				ASSETCATALOG_COMPILER_GLOBAL_ACCENT_COLOR_NAME = AccentColor;
				CODE_SIGN_STYLE = Automatic;
				CURRENT_PROJECT_VERSION = 1;
				ENABLE_PREVIEWS = YES;
				GENERATE_INFOPLIST_FILE = YES;
				INFOPLIST_KEY_UIApplicationSceneManifest_Generation = YES;
				INFOPLIST_KEY_UIApplicationSupportsIndirectInputEvents = YES;
				INFOPLIST_KEY_UILaunchScreen_Generation = YES;
				INFOPLIST_KEY_UISupportedInterfaceOrientations_iPad = "UIInterfaceOrientationPortrait UIInterfaceOrientationPortraitUpsideDown UIInterfaceOrientationLandscapeLeft UIInterfaceOrientationLandscapeRight";
				INFOPLIST_KEY_UISupportedInterfaceOrientations_iPhone = "UIInterfaceOrientationPortrait UIInterfaceOrientationLandscapeLeft UIInterfaceOrientationLandscapeRight";
				IPHONEOS_DEPLOYMENT_TARGET = 15.2;
				LD_RUNPATH_SEARCH_PATHS = (
					"$(inherited)",
					"@executable_path/Frameworks",
				);
				MARKETING_VERSION = 1.0;
				PRODUCT_BUNDLE_IDENTIFIER = Broc.Phys440HW5;
				PRODUCT_NAME = Phys440HW5;
				SDKROOT = iphoneos;
				SWIFT_EMIT_LOC_STRINGS = YES;
				SWIFT_VERSION = 5.0;
				TARGETED_DEVICE_FAMILY = "1,2";
				VALIDATE_PRODUCT = YES;
			};
			name = Release;
		};
		5E28E4EA27DBD2D7001675C1 /* Debug */ = {
			isa = XCBuildConfiguration;
			buildSettings = {
				ASSETCATALOG_COMPILER_APPICON_NAME = AppIcon;
				ASSETCATALOG_COMPILER_GLOBAL_ACCENT_COLOR_NAME = AccentColor;
				CODE_SIGN_ENTITLEMENTS = macOS/macOS.entitlements;
				CODE_SIGN_STYLE = Automatic;
				COMBINE_HIDPI_IMAGES = YES;
				CURRENT_PROJECT_VERSION = 1;
				ENABLE_PREVIEWS = YES;
				GENERATE_INFOPLIST_FILE = YES;
				INFOPLIST_KEY_NSHumanReadableCopyright = "";
				LD_RUNPATH_SEARCH_PATHS = (
					"$(inherited)",
					"@executable_path/../Frameworks",
				);
				MACOSX_DEPLOYMENT_TARGET = 12.1;
				MARKETING_VERSION = 1.0;
				PRODUCT_BUNDLE_IDENTIFIER = Broc.Phys440HW5;
				PRODUCT_NAME = Phys440HW5;
				SDKROOT = macosx;
				SWIFT_EMIT_LOC_STRINGS = YES;
				SWIFT_VERSION = 5.0;
			};
			name = Debug;
		};
		5E28E4EB27DBD2D7001675C1 /* Release */ = {
			isa = XCBuildConfiguration;
			buildSettings = {
				ASSETCATALOG_COMPILER_APPICON_NAME = AppIcon;
				ASSETCATALOG_COMPILER_GLOBAL_ACCENT_COLOR_NAME = AccentColor;
				CODE_SIGN_ENTITLEMENTS = macOS/macOS.entitlements;
				CODE_SIGN_STYLE = Automatic;
				COMBINE_HIDPI_IMAGES = YES;
				CURRENT_PROJECT_VERSION = 1;
				ENABLE_PREVIEWS = YES;
				GENERATE_INFOPLIST_FILE = YES;
				INFOPLIST_KEY_NSHumanReadableCopyright = "";
				LD_RUNPATH_SEARCH_PATHS = (
					"$(inherited)",
					"@executable_path/../Frameworks",
				);
				MACOSX_DEPLOYMENT_TARGET = 12.1;
				MARKETING_VERSION = 1.0;
				PRODUCT_BUNDLE_IDENTIFIER = Broc.Phys440HW5;
				PRODUCT_NAME = Phys440HW5;
				SDKROOT = macosx;
				SWIFT_EMIT_LOC_STRINGS = YES;
				SWIFT_VERSION = 5.0;
			};
			name = Release;
		};
		5E28E4ED27DBD2D7001675C1 /* Debug */ = {
			isa = XCBuildConfiguration;
			buildSettings = {
				ALWAYS_EMBED_SWIFT_STANDARD_LIBRARIES = YES;
				CODE_SIGN_STYLE = Automatic;
				CURRENT_PROJECT_VERSION = 1;
				GENERATE_INFOPLIST_FILE = YES;
				IPHONEOS_DEPLOYMENT_TARGET = 15.2;
				MARKETING_VERSION = 1.0;
				PRODUCT_BUNDLE_IDENTIFIER = "Broc.Tests-iOS";
				PRODUCT_NAME = "$(TARGET_NAME)";
				SDKROOT = iphoneos;
				SWIFT_EMIT_LOC_STRINGS = NO;
				SWIFT_VERSION = 5.0;
				TARGETED_DEVICE_FAMILY = "1,2";
				TEST_TARGET_NAME = "Phys440HW5 (iOS)";
			};
			name = Debug;
		};
		5E28E4EE27DBD2D7001675C1 /* Release */ = {
			isa = XCBuildConfiguration;
			buildSettings = {
				ALWAYS_EMBED_SWIFT_STANDARD_LIBRARIES = YES;
				CODE_SIGN_STYLE = Automatic;
				CURRENT_PROJECT_VERSION = 1;
				GENERATE_INFOPLIST_FILE = YES;
				IPHONEOS_DEPLOYMENT_TARGET = 15.2;
				MARKETING_VERSION = 1.0;
				PRODUCT_BUNDLE_IDENTIFIER = "Broc.Tests-iOS";
				PRODUCT_NAME = "$(TARGET_NAME)";
				SDKROOT = iphoneos;
				SWIFT_EMIT_LOC_STRINGS = NO;
				SWIFT_VERSION = 5.0;
				TARGETED_DEVICE_FAMILY = "1,2";
				TEST_TARGET_NAME = "Phys440HW5 (iOS)";
				VALIDATE_PRODUCT = YES;
			};
			name = Release;
		};
		5E28E4F027DBD2D7001675C1 /* Debug */ = {
			isa = XCBuildConfiguration;
			buildSettings = {
				ALWAYS_EMBED_SWIFT_STANDARD_LIBRARIES = YES;
				CODE_SIGN_STYLE = Automatic;
				CURRENT_PROJECT_VERSION = 1;
				GENERATE_INFOPLIST_FILE = YES;
				MACOSX_DEPLOYMENT_TARGET = 12.1;
				MARKETING_VERSION = 1.0;
				PRODUCT_BUNDLE_IDENTIFIER = "Broc.Tests-macOS";
				PRODUCT_NAME = "$(TARGET_NAME)";
				SDKROOT = macosx;
				SWIFT_EMIT_LOC_STRINGS = NO;
				SWIFT_VERSION = 5.0;
				TEST_TARGET_NAME = "Phys440HW5 (macOS)";
			};
			name = Debug;
		};
		5E28E4F127DBD2D7001675C1 /* Release */ = {
			isa = XCBuildConfiguration;
			buildSettings = {
				ALWAYS_EMBED_SWIFT_STANDARD_LIBRARIES = YES;
				CODE_SIGN_STYLE = Automatic;
				CURRENT_PROJECT_VERSION = 1;
				GENERATE_INFOPLIST_FILE = YES;
				MACOSX_DEPLOYMENT_TARGET = 12.1;
				MARKETING_VERSION = 1.0;
				PRODUCT_BUNDLE_IDENTIFIER = "Broc.Tests-macOS";
				PRODUCT_NAME = "$(TARGET_NAME)";
				SDKROOT = macosx;
				SWIFT_EMIT_LOC_STRINGS = NO;
				SWIFT_VERSION = 5.0;
				TEST_TARGET_NAME = "Phys440HW5 (macOS)";
			};
			name = Release;
		};
/* End XCBuildConfiguration section */

/* Begin XCConfigurationList section */
		5E28E4B427DBD2D1001675C1 /* Build configuration list for PBXProject "Phys440HW5" */ = {
			isa = XCConfigurationList;
			buildConfigurations = (
				5E28E4E427DBD2D7001675C1 /* Debug */,
				5E28E4E527DBD2D7001675C1 /* Release */,
			);
			defaultConfigurationIsVisible = 0;
			defaultConfigurationName = Release;
		};
		5E28E4E627DBD2D7001675C1 /* Build configuration list for PBXNativeTarget "Phys440HW5 (iOS)" */ = {
			isa = XCConfigurationList;
			buildConfigurations = (
				5E28E4E727DBD2D7001675C1 /* Debug */,
				5E28E4E827DBD2D7001675C1 /* Release */,
			);
			defaultConfigurationIsVisible = 0;
			defaultConfigurationName = Release;
		};
		5E28E4E927DBD2D7001675C1 /* Build configuration list for PBXNativeTarget "Phys440HW5 (macOS)" */ = {
			isa = XCConfigurationList;
			buildConfigurations = (
				5E28E4EA27DBD2D7001675C1 /* Debug */,
				5E28E4EB27DBD2D7001675C1 /* Release */,
			);
			defaultConfigurationIsVisible = 0;
			defaultConfigurationName = Release;
		};
		5E28E4EC27DBD2D7001675C1 /* Build configuration list for PBXNativeTarget "Tests iOS" */ = {
			isa = XCConfigurationList;
			buildConfigurations = (
				5E28E4ED27DBD2D7001675C1 /* Debug */,
				5E28E4EE27DBD2D7001675C1 /* Release */,
			);
			defaultConfigurationIsVisible = 0;
			defaultConfigurationName = Release;
		};
		5E28E4EF27DBD2D7001675C1 /* Build configuration list for PBXNativeTarget "Tests macOS" */ = {
			isa = XCConfigurationList;
			buildConfigurations = (
				5E28E4F027DBD2D7001675C1 /* Debug */,
				5E28E4F127DBD2D7001675C1 /* Release */,
			);
			defaultConfigurationIsVisible = 0;
			defaultConfigurationName = Release;
		};
/* End XCConfigurationList section */

/* Begin XCRemoteSwiftPackageReference section */
		5ED283BB27F612A800784048 /* XCRemoteSwiftPackageReference "core-plot" */ = {
			isa = XCRemoteSwiftPackageReference;
			repositoryURL = "https://github.com/core-plot/core-plot";
			requirement = {
				branch = "release-2.4";
				kind = branch;
			};
		};
/* End XCRemoteSwiftPackageReference section */

/* Begin XCSwiftPackageProductDependency section */
		5ED283BC27F612A800784048 /* CorePlot */ = {
			isa = XCSwiftPackageProductDependency;
			package = 5ED283BB27F612A800784048 /* XCRemoteSwiftPackageReference "core-plot" */;
			productName = CorePlot;
		};
		5ED283E927F6171A00784048 /* CorePlot */ = {
			isa = XCSwiftPackageProductDependency;
			package = 5ED283BB27F612A800784048 /* XCRemoteSwiftPackageReference "core-plot" */;
			productName = CorePlot;
		};
/* End XCSwiftPackageProductDependency section */
	};
	rootObject = 5E28E4B127DBD2D1001675C1 /* Project object */;
}
